# Generated by buf. DO NOT EDIT.
version: v1
deps:
  - remote: buf.build
    owner: djungermann
    repository: grpc-example
    commit: dbfed52bded047f986bdbf2389c5f5b4
    digest: shake256:6f89f997887b321d2b0d31305c1840bc751c5f7d3c6bd5d5d68173572c850c11dae6c0267b9ab90786cb1dd9497bf49f72b7cde2b460a0ab3495cbf23b9150aa
  - remote: buf.build
    owner: googleapis
    repository: googleapis
    commit: cc916c31859748a68fd229a3c8d7a2e8
    digest: shake256:469b049d0eb04203d5272062636c078decefc96fec69739159c25d85349c50c34c7706918a8b216c5c27f76939df48452148cff8c5c3ae77fa6ba5c25c1b8bf8
