# Generated by buf. DO NOT EDIT.
version: v1
deps:
  - remote: buf.build
    owner: djungermann
    repository: grpc-example
    commit: 89c2a601b0da4a83abafc0846dd2c3b4
    digest: shake256:32be2c38bb26da84a2d93cd992b056c345e4b3d2c67981e3165fccde58fe99018e999e80ce033a8b1d40916c6c2eaf3d4b43c8e4b82b40e5a8cc25e8ebed937d
  - remote: buf.build
    owner: googleapis
    repository: googleapis
    commit: cc916c31859748a68fd229a3c8d7a2e8
    digest: shake256:469b049d0eb04203d5272062636c078decefc96fec69739159c25d85349c50c34c7706918a8b216c5c27f76939df48452148cff8c5c3ae77fa6ba5c25c1b8bf8
