# Generated by buf. DO NOT EDIT.
version: v1
deps:
  - remote: buf.build
    owner: djungermann
    repository: grpc-example
    commit: 3884d59265224cc7834e27bb51c116fd
    digest: shake256:036f96e7ffcb3ad2ce4e83283f17d127615d9b9bb6c4674cf268395b425b37a7c4cfb0bf144c8eda4396b12c46b29ef566b6002ef85a4cce9bade7b4aa661d3a
  - remote: buf.build
    owner: googleapis
    repository: googleapis
    commit: cc916c31859748a68fd229a3c8d7a2e8
    digest: shake256:469b049d0eb04203d5272062636c078decefc96fec69739159c25d85349c50c34c7706918a8b216c5c27f76939df48452148cff8c5c3ae77fa6ba5c25c1b8bf8
