{
    "name": "client-js",
    "lockfileVersion": 3,
    "requires": true,
    "packages": {
        "": {
            "dependencies": {
                "@bufbuild/connect": "^0.9.1",
                "@bufbuild/connect-node": "^0.9.1",
                "@bufbuild/protobuf": "^1.2.1"
            }
        },
        "node_modules/@bufbuild/connect": {
            "version": "0.9.1",
            "resolved": "https://registry.npmjs.org/@bufbuild/connect/-/connect-0.9.1.tgz",
            "integrity": "sha512-4O/PSMLWd3oQkwBuJBGBzFtPsnFC5dTRPGHFNFODna9wZJ6r45ccsOWsA4qXBL7gW2EKw93zRa0KVuge2dCOQQ==",
            "peerDependencies": {
                "@bufbuild/protobuf": "^1.2.0"
            }
        },
        "node_modules/@bufbuild/connect-node": {
            "version": "0.9.1",
            "resolved": "https://registry.npmjs.org/@bufbuild/connect-node/-/connect-node-0.9.1.tgz",
            "integrity": "sha512-kUMB6QQh8S19LsvweDg057WN3Gbg+zIqSHnRcXh9CBYSN7GWd9dgJPQSgalJFJngjFSW2qnnOmnUkxMyZiWBOw==",
            "dependencies": {
                "@bufbuild/connect": "0.9.1",
                "headers-polyfill": "^3.1.2"
            },
            "engines": {
                "node": ">=16.0.0"
            },
            "peerDependencies": {
                "@bufbuild/protobuf": "^1.2.0"
            }
        },
        "node_modules/@bufbuild/protobuf": {
            "version": "1.2.1",
            "resolved": "https://registry.npmjs.org/@bufbuild/protobuf/-/protobuf-1.2.1.tgz",
            "integrity": "sha512-cwwGvLGqvoaOZmoP5+i4v/rbW+rHkguvTehuZyM2p/xpmaNSdT2h3B7kHw33aiffv35t1XrYHIkdJSEkSEMJuA=="
        },
        "node_modules/headers-polyfill": {
            "version": "3.1.2",
            "resolved": "https://registry.npmjs.org/headers-polyfill/-/headers-polyfill-3.1.2.tgz",
            "integrity": "sha512-tWCK4biJ6hcLqTviLXVR9DTRfYGQMXEIUj3gwJ2rZ5wO/at3XtkI4g8mCvFdUF9l1KMBNCfmNAdnahm1cgavQA=="
        }
    }
}
